
Microsoft Visual Studio Solution File, Format Version 12.00
# Visual Studio Version 16
VisualStudioVersion = 16.0.29920.165
MinimumVisualStudioVersion = 10.0.40219.1
Project("{9A19103F-16F7-4668-BE54-9A1E7A4F7556}") = "01. ActionPrint", "01. ActionPrint\01. ActionPrint.csproj", "{DBBBAEA0-83B6-486C-985B-0068E4376951}"
EndProject
Project("{9A19103F-16F7-4668-BE54-9A1E7A4F7556}") = "02. KnightsOfHonor", "02. KnightsOfHonor\02. KnightsOfHonor.csproj", "{4B381CEB-038C-4509-A353-02AAC9BA7D0E}"
EndProject
Project("{9A19103F-16F7-4668-BE54-9A1E7A4F7556}") = "03. CustomMinFunction", "03. CustomMinFunction\03. CustomMinFunction.csproj", "{1EC84337-2831-4765-8AAE-26AD240FB549}"
EndProject
Project("{9A19103F-16F7-4668-BE54-9A1E7A4F7556}") = "04. FindEvensOrOdds", "04. FindEvensOrOdds\04. FindEvensOrOdds.csproj", "{BC3021F0-E1AD-438A-BA21-C2FBA7F17A9C}"
EndProject
Project("{FAE04EC0-301F-11D3-BF4B-00C04F79EFBC}") = "05. AppliedArithmetics", "05. AppliedArithmetics\05. AppliedArithmetics.csproj", "{E084E65D-82C9-4298-AC09-F71E7DC6C722}"
EndProject
Project("{FAE04EC0-301F-11D3-BF4B-00C04F79EFBC}") = "06. ReverseAndExclude", "06. ReverseAnдExclude\06. ReverseAndExclude.csproj", "{7E0A2B3B-B243-4146-A28F-CD220660C272}"
EndProject
Project("{FAE04EC0-301F-11D3-BF4B-00C04F79EFBC}") = "07. PredicateForNames", "07. PredicateForNames\07. PredicateForNames.csproj", "{354CDA9B-C7BC-4E67-B4FA-04FDCF3B7F9C}"
EndProject
Project("{FAE04EC0-301F-11D3-BF4B-00C04F79EFBC}") = "08. CustomComparator", "08. CustomComparator\08. CustomComparator.csproj", "{7A69AA01-003B-4207-8F84-48DF8715E5E0}"
EndProject
Project("{FAE04EC0-301F-11D3-BF4B-00C04F79EFBC}") = "09. ListOfPredicates", "09. ListOfPredicates\09. ListOfPredicates.csproj", "{2599047A-0FA9-4807-8453-338A1E05517F}"
EndProject
Project("{FAE04EC0-301F-11D3-BF4B-00C04F79EFBC}") = "10. PredicateParty!", "10. PredicateParty!\10. PredicateParty!.csproj", "{E4134C1C-F5FE-497E-815B-75991CCE513E}"
EndProject
Project("{FAE04EC0-301F-11D3-BF4B-00C04F79EFBC}") = "11. ThePartyReservationFilterModule", "11. ThePartyReservationFilterModule\11. ThePartyReservationFilterModule.csproj", "{6F0A2A81-5F6A-4503-8C64-44711821F9BA}"
EndProject
Project("{FAE04EC0-301F-11D3-BF4B-00C04F79EFBC}") = "12. TriFunction", "12. TriFunction\12. TriFunction.csproj", "{E9F4F63C-50DA-47F5-BDFC-3A6CD536C0F8}"
EndProject
Global
	GlobalSection(SolutionConfigurationPlatforms) = preSolution
		Debug|Any CPU = Debug|Any CPU
		Release|Any CPU = Release|Any CPU
	EndGlobalSection
	GlobalSection(ProjectConfigurationPlatforms) = postSolution
		{DBBBAEA0-83B6-486C-985B-0068E4376951}.Debug|Any CPU.ActiveCfg = Debug|Any CPU
		{DBBBAEA0-83B6-486C-985B-0068E4376951}.Debug|Any CPU.Build.0 = Debug|Any CPU
		{DBBBAEA0-83B6-486C-985B-0068E4376951}.Release|Any CPU.ActiveCfg = Release|Any CPU
		{DBBBAEA0-83B6-486C-985B-0068E4376951}.Release|Any CPU.Build.0 = Release|Any CPU
		{4B381CEB-038C-4509-A353-02AAC9BA7D0E}.Debug|Any CPU.ActiveCfg = Debug|Any CPU
		{4B381CEB-038C-4509-A353-02AAC9BA7D0E}.Debug|Any CPU.Build.0 = Debug|Any CPU
		{4B381CEB-038C-4509-A353-02AAC9BA7D0E}.Release|Any CPU.ActiveCfg = Release|Any CPU
		{4B381CEB-038C-4509-A353-02AAC9BA7D0E}.Release|Any CPU.Build.0 = Release|Any CPU
		{1EC84337-2831-4765-8AAE-26AD240FB549}.Debug|Any CPU.ActiveCfg = Debug|Any CPU
		{1EC84337-2831-4765-8AAE-26AD240FB549}.Debug|Any CPU.Build.0 = Debug|Any CPU
		{1EC84337-2831-4765-8AAE-26AD240FB549}.Release|Any CPU.ActiveCfg = Release|Any CPU
		{1EC84337-2831-4765-8AAE-26AD240FB549}.Release|Any CPU.Build.0 = Release|Any CPU
		{BC3021F0-E1AD-438A-BA21-C2FBA7F17A9C}.Debug|Any CPU.ActiveCfg = Debug|Any CPU
		{BC3021F0-E1AD-438A-BA21-C2FBA7F17A9C}.Debug|Any CPU.Build.0 = Debug|Any CPU
		{BC3021F0-E1AD-438A-BA21-C2FBA7F17A9C}.Release|Any CPU.ActiveCfg = Release|Any CPU
		{BC3021F0-E1AD-438A-BA21-C2FBA7F17A9C}.Release|Any CPU.Build.0 = Release|Any CPU
		{E084E65D-82C9-4298-AC09-F71E7DC6C722}.Debug|Any CPU.ActiveCfg = Debug|Any CPU
		{E084E65D-82C9-4298-AC09-F71E7DC6C722}.Debug|Any CPU.Build.0 = Debug|Any CPU
		{E084E65D-82C9-4298-AC09-F71E7DC6C722}.Release|Any CPU.ActiveCfg = Release|Any CPU
		{E084E65D-82C9-4298-AC09-F71E7DC6C722}.Release|Any CPU.Build.0 = Release|Any CPU
		{7E0A2B3B-B243-4146-A28F-CD220660C272}.Debug|Any CPU.ActiveCfg = Debug|Any CPU
		{7E0A2B3B-B243-4146-A28F-CD220660C272}.Debug|Any CPU.Build.0 = Debug|Any CPU
		{7E0A2B3B-B243-4146-A28F-CD220660C272}.Release|Any CPU.ActiveCfg = Release|Any CPU
		{7E0A2B3B-B243-4146-A28F-CD220660C272}.Release|Any CPU.Build.0 = Release|Any CPU
		{354CDA9B-C7BC-4E67-B4FA-04FDCF3B7F9C}.Debug|Any CPU.ActiveCfg = Debug|Any CPU
		{354CDA9B-C7BC-4E67-B4FA-04FDCF3B7F9C}.Debug|Any CPU.Build.0 = Debug|Any CPU
		{354CDA9B-C7BC-4E67-B4FA-04FDCF3B7F9C}.Release|Any CPU.ActiveCfg = Release|Any CPU
		{354CDA9B-C7BC-4E67-B4FA-04FDCF3B7F9C}.Release|Any CPU.Build.0 = Release|Any CPU
		{7A69AA01-003B-4207-8F84-48DF8715E5E0}.Debug|Any CPU.ActiveCfg = Debug|Any CPU
		{7A69AA01-003B-4207-8F84-48DF8715E5E0}.Debug|Any CPU.Build.0 = Debug|Any CPU
		{7A69AA01-003B-4207-8F84-48DF8715E5E0}.Release|Any CPU.ActiveCfg = Release|Any CPU
		{7A69AA01-003B-4207-8F84-48DF8715E5E0}.Release|Any CPU.Build.0 = Release|Any CPU
		{2599047A-0FA9-4807-8453-338A1E05517F}.Debug|Any CPU.ActiveCfg = Debug|Any CPU
		{2599047A-0FA9-4807-8453-338A1E05517F}.Debug|Any CPU.Build.0 = Debug|Any CPU
		{2599047A-0FA9-4807-8453-338A1E05517F}.Release|Any CPU.ActiveCfg = Release|Any CPU
		{2599047A-0FA9-4807-8453-338A1E05517F}.Release|Any CPU.Build.0 = Release|Any CPU
		{E4134C1C-F5FE-497E-815B-75991CCE513E}.Debug|Any CPU.ActiveCfg = Debug|Any CPU
		{E4134C1C-F5FE-497E-815B-75991CCE513E}.Debug|Any CPU.Build.0 = Debug|Any CPU
		{E4134C1C-F5FE-497E-815B-75991CCE513E}.Release|Any CPU.ActiveCfg = Release|Any CPU
		{E4134C1C-F5FE-497E-815B-75991CCE513E}.Release|Any CPU.Build.0 = Release|Any CPU
		{6F0A2A81-5F6A-4503-8C64-44711821F9BA}.Debug|Any CPU.ActiveCfg = Debug|Any CPU
		{6F0A2A81-5F6A-4503-8C64-44711821F9BA}.Debug|Any CPU.Build.0 = Debug|Any CPU
		{6F0A2A81-5F6A-4503-8C64-44711821F9BA}.Release|Any CPU.ActiveCfg = Release|Any CPU
		{6F0A2A81-5F6A-4503-8C64-44711821F9BA}.Release|Any CPU.Build.0 = Release|Any CPU
		{E9F4F63C-50DA-47F5-BDFC-3A6CD536C0F8}.Debug|Any CPU.ActiveCfg = Debug|Any CPU
		{E9F4F63C-50DA-47F5-BDFC-3A6CD536C0F8}.Debug|Any CPU.Build.0 = Debug|Any CPU
		{E9F4F63C-50DA-47F5-BDFC-3A6CD536C0F8}.Release|Any CPU.ActiveCfg = Release|Any CPU
		{E9F4F63C-50DA-47F5-BDFC-3A6CD536C0F8}.Release|Any CPU.Build.0 = Release|Any CPU
	EndGlobalSection
	GlobalSection(SolutionProperties) = preSolution
		HideSolutionNode = FALSE
	EndGlobalSection
	GlobalSection(ExtensibilityGlobals) = postSolution
		SolutionGuid = {7058F5D1-E378-4528-BD58-9583E938FAFA}
	EndGlobalSection
EndGlobal
