
Microsoft Visual Studio Solution File, Format Version 12.00
# Visual Studio Version 16
VisualStudioVersion = 16.0.29920.165
MinimumVisualStudioVersion = 10.0.40219.1
Project("{9A19103F-16F7-4668-BE54-9A1E7A4F7556}") = "01. BasicStackOperations", "01. BasicStackOperations\01. BasicStackOperations.csproj", "{42B4B973-F3A3-47BE-A051-EB05CACDE6B4}"
EndProject
Project("{9A19103F-16F7-4668-BE54-9A1E7A4F7556}") = "02. BasicQueueOperations", "02. BasicQueueOperations\02. BasicQueueOperations.csproj", "{51A495EC-D943-4924-B1D3-0CF753B692BA}"
EndProject
Project("{9A19103F-16F7-4668-BE54-9A1E7A4F7556}") = "03. MaximumАndMinimumElement", "03. MaximumАndMinimumElement\03. MaximumАndMinimumElement.csproj", "{9E5D4AC6-A1BC-44E9-870F-79ECE3AAA54A}"
EndProject
Project("{9A19103F-16F7-4668-BE54-9A1E7A4F7556}") = "04. FastFood", "04. FastFood\04. FastFood.csproj", "{DF8C3641-3A4B-4A1A-B830-C13E15B95755}"
EndProject
Project("{9A19103F-16F7-4668-BE54-9A1E7A4F7556}") = "05. FashionBoutique", "05. FashionBoutique\05. FashionBoutique.csproj", "{1EBB6F55-E991-43A0-B84C-6A4CD1EEB368}"
EndProject
Project("{9A19103F-16F7-4668-BE54-9A1E7A4F7556}") = "06. SongsQueue", "06. SongsQueue\06. SongsQueue.csproj", "{16222CB3-5D61-49B1-A171-256D7D159729}"
EndProject
Project("{9A19103F-16F7-4668-BE54-9A1E7A4F7556}") = "07. TruckTour", "07. TruckTour\07. TruckTour.csproj", "{ADBAC8E8-9644-4630-ABB5-8C95EDB41A99}"
EndProject
Project("{9A19103F-16F7-4668-BE54-9A1E7A4F7556}") = "08. BalancedParenthesis", "08. BalancedParenthesis\08. BalancedParenthesis.csproj", "{361D698F-0D1B-4522-B6DE-E85C3D4F1ADC}"
EndProject
Project("{9A19103F-16F7-4668-BE54-9A1E7A4F7556}") = "09. SimpleTextEditor", "09. SimpleTextEditor\09. SimpleTextEditor.csproj", "{69904083-5267-4B67-BB05-6065D451C0A1}"
EndProject
Project("{9A19103F-16F7-4668-BE54-9A1E7A4F7556}") = "10. Crossroads", "10. Crossroads\10. Crossroads.csproj", "{77A66B61-7265-4824-B809-8F48E545484A}"
EndProject
Project("{FAE04EC0-301F-11D3-BF4B-00C04F79EFBC}") = "11. KeyRevolver", "11. KeyRevolver\11. KeyRevolver.csproj", "{6763AD4B-013B-4E3C-A02D-C9AA2491042A}"
EndProject
Project("{FAE04EC0-301F-11D3-BF4B-00C04F79EFBC}") = "12. CupsAndBottles", "12. CupsAndBottles\12. CupsAndBottles.csproj", "{D78B7D52-8161-4A77-8691-C32CECFEB74E}"
EndProject
Global
	GlobalSection(SolutionConfigurationPlatforms) = preSolution
		Debug|Any CPU = Debug|Any CPU
		Release|Any CPU = Release|Any CPU
	EndGlobalSection
	GlobalSection(ProjectConfigurationPlatforms) = postSolution
		{42B4B973-F3A3-47BE-A051-EB05CACDE6B4}.Debug|Any CPU.ActiveCfg = Debug|Any CPU
		{42B4B973-F3A3-47BE-A051-EB05CACDE6B4}.Debug|Any CPU.Build.0 = Debug|Any CPU
		{42B4B973-F3A3-47BE-A051-EB05CACDE6B4}.Release|Any CPU.ActiveCfg = Release|Any CPU
		{42B4B973-F3A3-47BE-A051-EB05CACDE6B4}.Release|Any CPU.Build.0 = Release|Any CPU
		{51A495EC-D943-4924-B1D3-0CF753B692BA}.Debug|Any CPU.ActiveCfg = Debug|Any CPU
		{51A495EC-D943-4924-B1D3-0CF753B692BA}.Debug|Any CPU.Build.0 = Debug|Any CPU
		{51A495EC-D943-4924-B1D3-0CF753B692BA}.Release|Any CPU.ActiveCfg = Release|Any CPU
		{51A495EC-D943-4924-B1D3-0CF753B692BA}.Release|Any CPU.Build.0 = Release|Any CPU
		{9E5D4AC6-A1BC-44E9-870F-79ECE3AAA54A}.Debug|Any CPU.ActiveCfg = Debug|Any CPU
		{9E5D4AC6-A1BC-44E9-870F-79ECE3AAA54A}.Debug|Any CPU.Build.0 = Debug|Any CPU
		{9E5D4AC6-A1BC-44E9-870F-79ECE3AAA54A}.Release|Any CPU.ActiveCfg = Release|Any CPU
		{9E5D4AC6-A1BC-44E9-870F-79ECE3AAA54A}.Release|Any CPU.Build.0 = Release|Any CPU
		{DF8C3641-3A4B-4A1A-B830-C13E15B95755}.Debug|Any CPU.ActiveCfg = Debug|Any CPU
		{DF8C3641-3A4B-4A1A-B830-C13E15B95755}.Debug|Any CPU.Build.0 = Debug|Any CPU
		{DF8C3641-3A4B-4A1A-B830-C13E15B95755}.Release|Any CPU.ActiveCfg = Release|Any CPU
		{DF8C3641-3A4B-4A1A-B830-C13E15B95755}.Release|Any CPU.Build.0 = Release|Any CPU
		{1EBB6F55-E991-43A0-B84C-6A4CD1EEB368}.Debug|Any CPU.ActiveCfg = Debug|Any CPU
		{1EBB6F55-E991-43A0-B84C-6A4CD1EEB368}.Debug|Any CPU.Build.0 = Debug|Any CPU
		{1EBB6F55-E991-43A0-B84C-6A4CD1EEB368}.Release|Any CPU.ActiveCfg = Release|Any CPU
		{1EBB6F55-E991-43A0-B84C-6A4CD1EEB368}.Release|Any CPU.Build.0 = Release|Any CPU
		{16222CB3-5D61-49B1-A171-256D7D159729}.Debug|Any CPU.ActiveCfg = Debug|Any CPU
		{16222CB3-5D61-49B1-A171-256D7D159729}.Debug|Any CPU.Build.0 = Debug|Any CPU
		{16222CB3-5D61-49B1-A171-256D7D159729}.Release|Any CPU.ActiveCfg = Release|Any CPU
		{16222CB3-5D61-49B1-A171-256D7D159729}.Release|Any CPU.Build.0 = Release|Any CPU
		{ADBAC8E8-9644-4630-ABB5-8C95EDB41A99}.Debug|Any CPU.ActiveCfg = Debug|Any CPU
		{ADBAC8E8-9644-4630-ABB5-8C95EDB41A99}.Debug|Any CPU.Build.0 = Debug|Any CPU
		{ADBAC8E8-9644-4630-ABB5-8C95EDB41A99}.Release|Any CPU.ActiveCfg = Release|Any CPU
		{ADBAC8E8-9644-4630-ABB5-8C95EDB41A99}.Release|Any CPU.Build.0 = Release|Any CPU
		{361D698F-0D1B-4522-B6DE-E85C3D4F1ADC}.Debug|Any CPU.ActiveCfg = Debug|Any CPU
		{361D698F-0D1B-4522-B6DE-E85C3D4F1ADC}.Debug|Any CPU.Build.0 = Debug|Any CPU
		{361D698F-0D1B-4522-B6DE-E85C3D4F1ADC}.Release|Any CPU.ActiveCfg = Release|Any CPU
		{361D698F-0D1B-4522-B6DE-E85C3D4F1ADC}.Release|Any CPU.Build.0 = Release|Any CPU
		{69904083-5267-4B67-BB05-6065D451C0A1}.Debug|Any CPU.ActiveCfg = Debug|Any CPU
		{69904083-5267-4B67-BB05-6065D451C0A1}.Debug|Any CPU.Build.0 = Debug|Any CPU
		{69904083-5267-4B67-BB05-6065D451C0A1}.Release|Any CPU.ActiveCfg = Release|Any CPU
		{69904083-5267-4B67-BB05-6065D451C0A1}.Release|Any CPU.Build.0 = Release|Any CPU
		{77A66B61-7265-4824-B809-8F48E545484A}.Debug|Any CPU.ActiveCfg = Debug|Any CPU
		{77A66B61-7265-4824-B809-8F48E545484A}.Debug|Any CPU.Build.0 = Debug|Any CPU
		{77A66B61-7265-4824-B809-8F48E545484A}.Release|Any CPU.ActiveCfg = Release|Any CPU
		{77A66B61-7265-4824-B809-8F48E545484A}.Release|Any CPU.Build.0 = Release|Any CPU
		{6763AD4B-013B-4E3C-A02D-C9AA2491042A}.Debug|Any CPU.ActiveCfg = Debug|Any CPU
		{6763AD4B-013B-4E3C-A02D-C9AA2491042A}.Debug|Any CPU.Build.0 = Debug|Any CPU
		{6763AD4B-013B-4E3C-A02D-C9AA2491042A}.Release|Any CPU.ActiveCfg = Release|Any CPU
		{6763AD4B-013B-4E3C-A02D-C9AA2491042A}.Release|Any CPU.Build.0 = Release|Any CPU
		{D78B7D52-8161-4A77-8691-C32CECFEB74E}.Debug|Any CPU.ActiveCfg = Debug|Any CPU
		{D78B7D52-8161-4A77-8691-C32CECFEB74E}.Debug|Any CPU.Build.0 = Debug|Any CPU
		{D78B7D52-8161-4A77-8691-C32CECFEB74E}.Release|Any CPU.ActiveCfg = Release|Any CPU
		{D78B7D52-8161-4A77-8691-C32CECFEB74E}.Release|Any CPU.Build.0 = Release|Any CPU
	EndGlobalSection
	GlobalSection(SolutionProperties) = preSolution
		HideSolutionNode = FALSE
	EndGlobalSection
	GlobalSection(ExtensibilityGlobals) = postSolution
		SolutionGuid = {7D66D283-D469-415F-B9F0-BB429457DC0C}
	EndGlobalSection
EndGlobal
