
Microsoft Visual Studio Solution File, Format Version 12.00
# Visual Studio Version 16
VisualStudioVersion = 16.0.30621.155
MinimumVisualStudioVersion = 10.0.40219.1
Project("{9A19103F-16F7-4668-BE54-9A1E7A4F7556}") = "01.Vehicles", "01.Vehicles\01.Vehicles.csproj", "{7C1D9388-CC2F-4882-9B14-3E3BB65A0D35}"
EndProject
Project("{9A19103F-16F7-4668-BE54-9A1E7A4F7556}") = "Raiding", "Raiding\Raiding.csproj", "{22E3E0AD-8694-4A1A-86BC-1B4D54218220}"
EndProject
Project("{FAE04EC0-301F-11D3-BF4B-00C04F79EFBC}") = "WildFarm", "WildFarm\WildFarm.csproj", "{6F226831-BAD6-4026-942B-1AC39BF398AF}"
EndProject
Global
	GlobalSection(SolutionConfigurationPlatforms) = preSolution
		Debug|Any CPU = Debug|Any CPU
		Release|Any CPU = Release|Any CPU
	EndGlobalSection
	GlobalSection(ProjectConfigurationPlatforms) = postSolution
		{7C1D9388-CC2F-4882-9B14-3E3BB65A0D35}.Debug|Any CPU.ActiveCfg = Debug|Any CPU
		{7C1D9388-CC2F-4882-9B14-3E3BB65A0D35}.Debug|Any CPU.Build.0 = Debug|Any CPU
		{7C1D9388-CC2F-4882-9B14-3E3BB65A0D35}.Release|Any CPU.ActiveCfg = Release|Any CPU
		{7C1D9388-CC2F-4882-9B14-3E3BB65A0D35}.Release|Any CPU.Build.0 = Release|Any CPU
		{22E3E0AD-8694-4A1A-86BC-1B4D54218220}.Debug|Any CPU.ActiveCfg = Debug|Any CPU
		{22E3E0AD-8694-4A1A-86BC-1B4D54218220}.Debug|Any CPU.Build.0 = Debug|Any CPU
		{22E3E0AD-8694-4A1A-86BC-1B4D54218220}.Release|Any CPU.ActiveCfg = Release|Any CPU
		{22E3E0AD-8694-4A1A-86BC-1B4D54218220}.Release|Any CPU.Build.0 = Release|Any CPU
		{6F226831-BAD6-4026-942B-1AC39BF398AF}.Debug|Any CPU.ActiveCfg = Debug|Any CPU
		{6F226831-BAD6-4026-942B-1AC39BF398AF}.Debug|Any CPU.Build.0 = Debug|Any CPU
		{6F226831-BAD6-4026-942B-1AC39BF398AF}.Release|Any CPU.ActiveCfg = Release|Any CPU
		{6F226831-BAD6-4026-942B-1AC39BF398AF}.Release|Any CPU.Build.0 = Release|Any CPU
	EndGlobalSection
	GlobalSection(SolutionProperties) = preSolution
		HideSolutionNode = FALSE
	EndGlobalSection
	GlobalSection(ExtensibilityGlobals) = postSolution
		SolutionGuid = {AFE9920C-2331-4638-B07E-48CE493871C6}
	EndGlobalSection
EndGlobal
