
Microsoft Visual Studio Solution File, Format Version 12.00
# Visual Studio Version 16
VisualStudioVersion = 16.0.30621.155
MinimumVisualStudioVersion = 10.0.40219.1
Project("{9A19103F-16F7-4668-BE54-9A1E7A4F7556}") = "CreateLogger", "Logger\CreateLogger.csproj", "{58933CA2-6486-4A8B-AFFD-570E8401E6B5}"
EndProject
Global
	GlobalSection(SolutionConfigurationPlatforms) = preSolution
		Debug|Any CPU = Debug|Any CPU
		Release|Any CPU = Release|Any CPU
	EndGlobalSection
	GlobalSection(ProjectConfigurationPlatforms) = postSolution
		{58933CA2-6486-4A8B-AFFD-570E8401E6B5}.Debug|Any CPU.ActiveCfg = Debug|Any CPU
		{58933CA2-6486-4A8B-AFFD-570E8401E6B5}.Debug|Any CPU.Build.0 = Debug|Any CPU
		{58933CA2-6486-4A8B-AFFD-570E8401E6B5}.Release|Any CPU.ActiveCfg = Release|Any CPU
		{58933CA2-6486-4A8B-AFFD-570E8401E6B5}.Release|Any CPU.Build.0 = Release|Any CPU
	EndGlobalSection
	GlobalSection(SolutionProperties) = preSolution
		HideSolutionNode = FALSE
	EndGlobalSection
	GlobalSection(ExtensibilityGlobals) = postSolution
		SolutionGuid = {D3851F7A-A0C9-433C-B477-5E18BF7F49A2}
	EndGlobalSection
EndGlobal
