
Microsoft Visual Studio Solution File, Format Version 12.00
# Visual Studio Version 16
VisualStudioVersion = 16.0.29920.165
MinimumVisualStudioVersion = 10.0.40219.1
Project("{9A19103F-16F7-4668-BE54-9A1E7A4F7556}") = "01.Library", "IteratorsAndComparators\01.Library.csproj", "{9647C3D6-259C-4D10-A0EF-185C5A10110C}"
EndProject
Project("{9A19103F-16F7-4668-BE54-9A1E7A4F7556}") = "02.LibraryIterator", "02.LibraryIterator\02.LibraryIterator.csproj", "{1CA842E7-B1FA-4A7D-95FD-FD2650423FE3}"
EndProject
Project("{9A19103F-16F7-4668-BE54-9A1E7A4F7556}") = "03.ComparableBook", "03.ComparableBook\03.ComparableBook.csproj", "{A5FB041A-6E71-439A-849C-6D4738EC63C8}"
EndProject
Project("{FAE04EC0-301F-11D3-BF4B-00C04F79EFBC}") = "04.BookComparer", "04.BookComparer\04.BookComparer.csproj", "{2E256429-F132-48CC-9618-4A5123F126F3}"
EndProject
Global
	GlobalSection(SolutionConfigurationPlatforms) = preSolution
		Debug|Any CPU = Debug|Any CPU
		Release|Any CPU = Release|Any CPU
	EndGlobalSection
	GlobalSection(ProjectConfigurationPlatforms) = postSolution
		{9647C3D6-259C-4D10-A0EF-185C5A10110C}.Debug|Any CPU.ActiveCfg = Debug|Any CPU
		{9647C3D6-259C-4D10-A0EF-185C5A10110C}.Debug|Any CPU.Build.0 = Debug|Any CPU
		{9647C3D6-259C-4D10-A0EF-185C5A10110C}.Release|Any CPU.ActiveCfg = Release|Any CPU
		{9647C3D6-259C-4D10-A0EF-185C5A10110C}.Release|Any CPU.Build.0 = Release|Any CPU
		{1CA842E7-B1FA-4A7D-95FD-FD2650423FE3}.Debug|Any CPU.ActiveCfg = Debug|Any CPU
		{1CA842E7-B1FA-4A7D-95FD-FD2650423FE3}.Debug|Any CPU.Build.0 = Debug|Any CPU
		{1CA842E7-B1FA-4A7D-95FD-FD2650423FE3}.Release|Any CPU.ActiveCfg = Release|Any CPU
		{1CA842E7-B1FA-4A7D-95FD-FD2650423FE3}.Release|Any CPU.Build.0 = Release|Any CPU
		{A5FB041A-6E71-439A-849C-6D4738EC63C8}.Debug|Any CPU.ActiveCfg = Debug|Any CPU
		{A5FB041A-6E71-439A-849C-6D4738EC63C8}.Debug|Any CPU.Build.0 = Debug|Any CPU
		{A5FB041A-6E71-439A-849C-6D4738EC63C8}.Release|Any CPU.ActiveCfg = Release|Any CPU
		{A5FB041A-6E71-439A-849C-6D4738EC63C8}.Release|Any CPU.Build.0 = Release|Any CPU
		{2E256429-F132-48CC-9618-4A5123F126F3}.Debug|Any CPU.ActiveCfg = Debug|Any CPU
		{2E256429-F132-48CC-9618-4A5123F126F3}.Debug|Any CPU.Build.0 = Debug|Any CPU
		{2E256429-F132-48CC-9618-4A5123F126F3}.Release|Any CPU.ActiveCfg = Release|Any CPU
		{2E256429-F132-48CC-9618-4A5123F126F3}.Release|Any CPU.Build.0 = Release|Any CPU
	EndGlobalSection
	GlobalSection(SolutionProperties) = preSolution
		HideSolutionNode = FALSE
	EndGlobalSection
	GlobalSection(ExtensibilityGlobals) = postSolution
		SolutionGuid = {329AD446-6107-478B-94A7-7813805CA664}
	EndGlobalSection
EndGlobal
