
Microsoft Visual Studio Solution File, Format Version 12.00
# Visual Studio Version 16
VisualStudioVersion = 16.0.29920.165
MinimumVisualStudioVersion = 10.0.40219.1
Project("{FAE04EC0-301F-11D3-BF4B-00C04F79EFBC}") = "01.ClubParty", "01.ClubParty\01.ClubParty.csproj", "{052DB1E8-818E-4FCB-A37F-95858705AFA7}"
EndProject
Project("{FAE04EC0-301F-11D3-BF4B-00C04F79EFBC}") = "02.TronRacers", "02.TronRacers\02.TronRacers.csproj", "{06DF6685-FF44-474A-A141-ED08BA67DE42}"
EndProject
Project("{FAE04EC0-301F-11D3-BF4B-00C04F79EFBC}") = "Heroes", "Heroes\Heroes.csproj", "{0C3F1F5F-5A76-44CF-AD68-B325E7E95D7B}"
EndProject
Global
	GlobalSection(SolutionConfigurationPlatforms) = preSolution
		Debug|Any CPU = Debug|Any CPU
		Release|Any CPU = Release|Any CPU
	EndGlobalSection
	GlobalSection(ProjectConfigurationPlatforms) = postSolution
		{052DB1E8-818E-4FCB-A37F-95858705AFA7}.Debug|Any CPU.ActiveCfg = Debug|Any CPU
		{052DB1E8-818E-4FCB-A37F-95858705AFA7}.Debug|Any CPU.Build.0 = Debug|Any CPU
		{052DB1E8-818E-4FCB-A37F-95858705AFA7}.Release|Any CPU.ActiveCfg = Release|Any CPU
		{052DB1E8-818E-4FCB-A37F-95858705AFA7}.Release|Any CPU.Build.0 = Release|Any CPU
		{06DF6685-FF44-474A-A141-ED08BA67DE42}.Debug|Any CPU.ActiveCfg = Debug|Any CPU
		{06DF6685-FF44-474A-A141-ED08BA67DE42}.Debug|Any CPU.Build.0 = Debug|Any CPU
		{06DF6685-FF44-474A-A141-ED08BA67DE42}.Release|Any CPU.ActiveCfg = Release|Any CPU
		{06DF6685-FF44-474A-A141-ED08BA67DE42}.Release|Any CPU.Build.0 = Release|Any CPU
		{0C3F1F5F-5A76-44CF-AD68-B325E7E95D7B}.Debug|Any CPU.ActiveCfg = Debug|Any CPU
		{0C3F1F5F-5A76-44CF-AD68-B325E7E95D7B}.Debug|Any CPU.Build.0 = Debug|Any CPU
		{0C3F1F5F-5A76-44CF-AD68-B325E7E95D7B}.Release|Any CPU.ActiveCfg = Release|Any CPU
		{0C3F1F5F-5A76-44CF-AD68-B325E7E95D7B}.Release|Any CPU.Build.0 = Release|Any CPU
	EndGlobalSection
	GlobalSection(SolutionProperties) = preSolution
		HideSolutionNode = FALSE
	EndGlobalSection
	GlobalSection(ExtensibilityGlobals) = postSolution
		SolutionGuid = {7AAB20AE-A925-45E9-9FCB-CC8C0D0ECE82}
	EndGlobalSection
EndGlobal
