
Microsoft Visual Studio Solution File, Format Version 12.00
# Visual Studio Version 16
VisualStudioVersion = 16.0.29920.165
MinimumVisualStudioVersion = 10.0.40219.1
Project("{9A19103F-16F7-4668-BE54-9A1E7A4F7556}") = "02. CarExtension", "02. CarExtension\02. CarExtension.csproj", "{06BB5980-81BB-4A1B-9EC3-21346994CD55}"
EndProject
Project("{9A19103F-16F7-4668-BE54-9A1E7A4F7556}") = "01. Car", "01. Car\01. Car.csproj", "{86F4B0D3-AE50-4556-948B-BD72BF907EBA}"
EndProject
Project("{FAE04EC0-301F-11D3-BF4B-00C04F79EFBC}") = "03. CarConstructors", "03. CarConstructors\03. CarConstructors.csproj", "{B4C56AB8-00C7-4F88-8488-1B656FD59367}"
EndProject
Project("{FAE04EC0-301F-11D3-BF4B-00C04F79EFBC}") = "04. CarEngineAndTires", "04. CarEngineAndTires\04. CarEngineAndTires.csproj", "{364E5133-66A0-4995-AFD8-5A0BC69BD499}"
EndProject
Project("{FAE04EC0-301F-11D3-BF4B-00C04F79EFBC}") = "05. SpecialCars", "05. SpecialCars\05. SpecialCars.csproj", "{31C59641-A3F4-46BA-8428-1B0DFD7019E6}"
EndProject
Global
	GlobalSection(SolutionConfigurationPlatforms) = preSolution
		Debug|Any CPU = Debug|Any CPU
		Release|Any CPU = Release|Any CPU
	EndGlobalSection
	GlobalSection(ProjectConfigurationPlatforms) = postSolution
		{06BB5980-81BB-4A1B-9EC3-21346994CD55}.Debug|Any CPU.ActiveCfg = Debug|Any CPU
		{06BB5980-81BB-4A1B-9EC3-21346994CD55}.Debug|Any CPU.Build.0 = Debug|Any CPU
		{06BB5980-81BB-4A1B-9EC3-21346994CD55}.Release|Any CPU.ActiveCfg = Release|Any CPU
		{06BB5980-81BB-4A1B-9EC3-21346994CD55}.Release|Any CPU.Build.0 = Release|Any CPU
		{86F4B0D3-AE50-4556-948B-BD72BF907EBA}.Debug|Any CPU.ActiveCfg = Debug|Any CPU
		{86F4B0D3-AE50-4556-948B-BD72BF907EBA}.Debug|Any CPU.Build.0 = Debug|Any CPU
		{86F4B0D3-AE50-4556-948B-BD72BF907EBA}.Release|Any CPU.ActiveCfg = Release|Any CPU
		{86F4B0D3-AE50-4556-948B-BD72BF907EBA}.Release|Any CPU.Build.0 = Release|Any CPU
		{B4C56AB8-00C7-4F88-8488-1B656FD59367}.Debug|Any CPU.ActiveCfg = Debug|Any CPU
		{B4C56AB8-00C7-4F88-8488-1B656FD59367}.Debug|Any CPU.Build.0 = Debug|Any CPU
		{B4C56AB8-00C7-4F88-8488-1B656FD59367}.Release|Any CPU.ActiveCfg = Release|Any CPU
		{B4C56AB8-00C7-4F88-8488-1B656FD59367}.Release|Any CPU.Build.0 = Release|Any CPU
		{364E5133-66A0-4995-AFD8-5A0BC69BD499}.Debug|Any CPU.ActiveCfg = Debug|Any CPU
		{364E5133-66A0-4995-AFD8-5A0BC69BD499}.Debug|Any CPU.Build.0 = Debug|Any CPU
		{364E5133-66A0-4995-AFD8-5A0BC69BD499}.Release|Any CPU.ActiveCfg = Release|Any CPU
		{364E5133-66A0-4995-AFD8-5A0BC69BD499}.Release|Any CPU.Build.0 = Release|Any CPU
		{31C59641-A3F4-46BA-8428-1B0DFD7019E6}.Debug|Any CPU.ActiveCfg = Debug|Any CPU
		{31C59641-A3F4-46BA-8428-1B0DFD7019E6}.Debug|Any CPU.Build.0 = Debug|Any CPU
		{31C59641-A3F4-46BA-8428-1B0DFD7019E6}.Release|Any CPU.ActiveCfg = Release|Any CPU
		{31C59641-A3F4-46BA-8428-1B0DFD7019E6}.Release|Any CPU.Build.0 = Release|Any CPU
	EndGlobalSection
	GlobalSection(SolutionProperties) = preSolution
		HideSolutionNode = FALSE
	EndGlobalSection
	GlobalSection(ExtensibilityGlobals) = postSolution
		SolutionGuid = {E140ADCE-BE3A-417D-AA14-1219001833F1}
	EndGlobalSection
EndGlobal
