
Microsoft Visual Studio Solution File, Format Version 12.00
# Visual Studio Version 16
VisualStudioVersion = 16.0.29920.165
MinimumVisualStudioVersion = 10.0.40219.1
Project("{9A19103F-16F7-4668-BE54-9A1E7A4F7556}") = "01.Bombs", "01.Bombs\01.Bombs.csproj", "{7654404A-CA7C-4AA8-B848-A3EBEFB08BCC}"
EndProject
Project("{9A19103F-16F7-4668-BE54-9A1E7A4F7556}") = "02.Snake", "02.Snake\02.Snake.csproj", "{A31FFCB3-9D68-4058-A839-486FC528F0A0}"
EndProject
Project("{9A19103F-16F7-4668-BE54-9A1E7A4F7556}") = "BANK", "..\Advanced Exam - 25.10.2020\BANK\BANK.csproj", "{80315B91-37EE-4D78-A4DA-145475017B7A}"
EndProject
Project("{9A19103F-16F7-4668-BE54-9A1E7A4F7556}") = "Parking", "03.Parking\Parking.csproj", "{CE449CA9-27F8-4B77-BFC6-7E7B95D86316}"
EndProject
Global
	GlobalSection(SolutionConfigurationPlatforms) = preSolution
		Debug|Any CPU = Debug|Any CPU
		Release|Any CPU = Release|Any CPU
	EndGlobalSection
	GlobalSection(ProjectConfigurationPlatforms) = postSolution
		{7654404A-CA7C-4AA8-B848-A3EBEFB08BCC}.Debug|Any CPU.ActiveCfg = Debug|Any CPU
		{7654404A-CA7C-4AA8-B848-A3EBEFB08BCC}.Debug|Any CPU.Build.0 = Debug|Any CPU
		{7654404A-CA7C-4AA8-B848-A3EBEFB08BCC}.Release|Any CPU.ActiveCfg = Release|Any CPU
		{7654404A-CA7C-4AA8-B848-A3EBEFB08BCC}.Release|Any CPU.Build.0 = Release|Any CPU
		{A31FFCB3-9D68-4058-A839-486FC528F0A0}.Debug|Any CPU.ActiveCfg = Debug|Any CPU
		{A31FFCB3-9D68-4058-A839-486FC528F0A0}.Debug|Any CPU.Build.0 = Debug|Any CPU
		{A31FFCB3-9D68-4058-A839-486FC528F0A0}.Release|Any CPU.ActiveCfg = Release|Any CPU
		{A31FFCB3-9D68-4058-A839-486FC528F0A0}.Release|Any CPU.Build.0 = Release|Any CPU
		{80315B91-37EE-4D78-A4DA-145475017B7A}.Debug|Any CPU.ActiveCfg = Debug|Any CPU
		{80315B91-37EE-4D78-A4DA-145475017B7A}.Debug|Any CPU.Build.0 = Debug|Any CPU
		{80315B91-37EE-4D78-A4DA-145475017B7A}.Release|Any CPU.ActiveCfg = Release|Any CPU
		{80315B91-37EE-4D78-A4DA-145475017B7A}.Release|Any CPU.Build.0 = Release|Any CPU
		{CE449CA9-27F8-4B77-BFC6-7E7B95D86316}.Debug|Any CPU.ActiveCfg = Debug|Any CPU
		{CE449CA9-27F8-4B77-BFC6-7E7B95D86316}.Debug|Any CPU.Build.0 = Debug|Any CPU
		{CE449CA9-27F8-4B77-BFC6-7E7B95D86316}.Release|Any CPU.ActiveCfg = Release|Any CPU
		{CE449CA9-27F8-4B77-BFC6-7E7B95D86316}.Release|Any CPU.Build.0 = Release|Any CPU
	EndGlobalSection
	GlobalSection(SolutionProperties) = preSolution
		HideSolutionNode = FALSE
	EndGlobalSection
	GlobalSection(ExtensibilityGlobals) = postSolution
		SolutionGuid = {47600D66-604B-4BA4-B695-7934CFFE2D13}
	EndGlobalSection
EndGlobal
