
Microsoft Visual Studio Solution File, Format Version 12.00
# Visual Studio Version 16
VisualStudioVersion = 16.0.29920.165
MinimumVisualStudioVersion = 10.0.40219.1
Project("{9A19103F-16F7-4668-BE54-9A1E7A4F7556}") = "01.DatingApp", "01.DatingApp\01.DatingApp.csproj", "{AAE809C2-8705-4E9D-B9CC-64A6C2075547}"
EndProject
Project("{9A19103F-16F7-4668-BE54-9A1E7A4F7556}") = "02.BookWorm", "02.BookWorm\02.BookWorm.csproj", "{F6DC0C9F-47AE-4DAC-AEFF-95ED4FF90C20}"
EndProject
Project("{9A19103F-16F7-4668-BE54-9A1E7A4F7556}") = "Rabbits", "03.Rabbits\Rabbits.csproj", "{EC63F30E-DE39-4C86-A96B-0EB5EF5C97FC}"
EndProject
Global
	GlobalSection(SolutionConfigurationPlatforms) = preSolution
		Debug|Any CPU = Debug|Any CPU
		Release|Any CPU = Release|Any CPU
	EndGlobalSection
	GlobalSection(ProjectConfigurationPlatforms) = postSolution
		{AAE809C2-8705-4E9D-B9CC-64A6C2075547}.Debug|Any CPU.ActiveCfg = Debug|Any CPU
		{AAE809C2-8705-4E9D-B9CC-64A6C2075547}.Debug|Any CPU.Build.0 = Debug|Any CPU
		{AAE809C2-8705-4E9D-B9CC-64A6C2075547}.Release|Any CPU.ActiveCfg = Release|Any CPU
		{AAE809C2-8705-4E9D-B9CC-64A6C2075547}.Release|Any CPU.Build.0 = Release|Any CPU
		{F6DC0C9F-47AE-4DAC-AEFF-95ED4FF90C20}.Debug|Any CPU.ActiveCfg = Debug|Any CPU
		{F6DC0C9F-47AE-4DAC-AEFF-95ED4FF90C20}.Debug|Any CPU.Build.0 = Debug|Any CPU
		{F6DC0C9F-47AE-4DAC-AEFF-95ED4FF90C20}.Release|Any CPU.ActiveCfg = Release|Any CPU
		{F6DC0C9F-47AE-4DAC-AEFF-95ED4FF90C20}.Release|Any CPU.Build.0 = Release|Any CPU
		{EC63F30E-DE39-4C86-A96B-0EB5EF5C97FC}.Debug|Any CPU.ActiveCfg = Debug|Any CPU
		{EC63F30E-DE39-4C86-A96B-0EB5EF5C97FC}.Debug|Any CPU.Build.0 = Debug|Any CPU
		{EC63F30E-DE39-4C86-A96B-0EB5EF5C97FC}.Release|Any CPU.ActiveCfg = Release|Any CPU
		{EC63F30E-DE39-4C86-A96B-0EB5EF5C97FC}.Release|Any CPU.Build.0 = Release|Any CPU
	EndGlobalSection
	GlobalSection(SolutionProperties) = preSolution
		HideSolutionNode = FALSE
	EndGlobalSection
	GlobalSection(ExtensibilityGlobals) = postSolution
		SolutionGuid = {6B6B7B71-7623-4B11-9DF0-AB32B12BC5E6}
	EndGlobalSection
EndGlobal
