
Microsoft Visual Studio Solution File, Format Version 12.00
# Visual Studio Version 16
VisualStudioVersion = 16.0.29920.165
MinimumVisualStudioVersion = 10.0.40219.1
Project("{9A19103F-16F7-4668-BE54-9A1E7A4F7556}") = "01.GenericBoxOfString", "01.GenericBoxOfString\01.GenericBoxOfString.csproj", "{5590F0D6-F8BE-4041-9197-10346C513D0F}"
EndProject
Project("{9A19103F-16F7-4668-BE54-9A1E7A4F7556}") = "02.GenericBoxOfInteger", "02.GenericBoxOfInteger\02.GenericBoxOfInteger.csproj", "{669D5B86-ADDE-4E7B-83C6-2C991B4E07A1}"
EndProject
Project("{9A19103F-16F7-4668-BE54-9A1E7A4F7556}") = "03.GenericSwapMethodString", "03.GenericSwapMethodString\03.GenericSwapMethodString.csproj", "{7B75D523-F28D-4698-A629-CA1EE4DF17EB}"
EndProject
Project("{9A19103F-16F7-4668-BE54-9A1E7A4F7556}") = "04.GenericSwapMethodInteger", "04.GenericSwapMethodInteger\04.GenericSwapMethodInteger.csproj", "{BFB8CD30-0DAE-4B79-9B70-E36F34250022}"
EndProject
Project("{9A19103F-16F7-4668-BE54-9A1E7A4F7556}") = "05.GenericCountMethodString", "05.GenericCountMethodString\05.GenericCountMethodString.csproj", "{4E621CCD-3D7D-42B4-B43C-5AD03BFF35F5}"
EndProject
Project("{9A19103F-16F7-4668-BE54-9A1E7A4F7556}") = "06.GenericCountMethodDouble", "06.GenericCountMethodDouble\06.GenericCountMethodDouble.csproj", "{ECC18487-20A5-41CF-BA04-5E8F6B775451}"
EndProject
Project("{FAE04EC0-301F-11D3-BF4B-00C04F79EFBC}") = "07.Tuple", "07.Tuple\07.Tuple.csproj", "{E4A42356-20BC-4859-B9F2-1A7EE73D595D}"
EndProject
Project("{FAE04EC0-301F-11D3-BF4B-00C04F79EFBC}") = "08.Threeuple", "08.Threeuple\08.Threeuple.csproj", "{85C998B8-50C5-4D05-8E5F-729D3DBE7212}"
EndProject
Project("{FAE04EC0-301F-11D3-BF4B-00C04F79EFBC}") = "09.CustomLinkedList", "09.CustomLinkedList\09.CustomLinkedList.csproj", "{16981B1C-AB79-4A99-A733-DD365C5B68A5}"
EndProject
Global
	GlobalSection(SolutionConfigurationPlatforms) = preSolution
		Debug|Any CPU = Debug|Any CPU
		Release|Any CPU = Release|Any CPU
	EndGlobalSection
	GlobalSection(ProjectConfigurationPlatforms) = postSolution
		{5590F0D6-F8BE-4041-9197-10346C513D0F}.Debug|Any CPU.ActiveCfg = Debug|Any CPU
		{5590F0D6-F8BE-4041-9197-10346C513D0F}.Debug|Any CPU.Build.0 = Debug|Any CPU
		{5590F0D6-F8BE-4041-9197-10346C513D0F}.Release|Any CPU.ActiveCfg = Release|Any CPU
		{5590F0D6-F8BE-4041-9197-10346C513D0F}.Release|Any CPU.Build.0 = Release|Any CPU
		{669D5B86-ADDE-4E7B-83C6-2C991B4E07A1}.Debug|Any CPU.ActiveCfg = Debug|Any CPU
		{669D5B86-ADDE-4E7B-83C6-2C991B4E07A1}.Debug|Any CPU.Build.0 = Debug|Any CPU
		{669D5B86-ADDE-4E7B-83C6-2C991B4E07A1}.Release|Any CPU.ActiveCfg = Release|Any CPU
		{669D5B86-ADDE-4E7B-83C6-2C991B4E07A1}.Release|Any CPU.Build.0 = Release|Any CPU
		{7B75D523-F28D-4698-A629-CA1EE4DF17EB}.Debug|Any CPU.ActiveCfg = Debug|Any CPU
		{7B75D523-F28D-4698-A629-CA1EE4DF17EB}.Debug|Any CPU.Build.0 = Debug|Any CPU
		{7B75D523-F28D-4698-A629-CA1EE4DF17EB}.Release|Any CPU.ActiveCfg = Release|Any CPU
		{7B75D523-F28D-4698-A629-CA1EE4DF17EB}.Release|Any CPU.Build.0 = Release|Any CPU
		{BFB8CD30-0DAE-4B79-9B70-E36F34250022}.Debug|Any CPU.ActiveCfg = Debug|Any CPU
		{BFB8CD30-0DAE-4B79-9B70-E36F34250022}.Debug|Any CPU.Build.0 = Debug|Any CPU
		{BFB8CD30-0DAE-4B79-9B70-E36F34250022}.Release|Any CPU.ActiveCfg = Release|Any CPU
		{BFB8CD30-0DAE-4B79-9B70-E36F34250022}.Release|Any CPU.Build.0 = Release|Any CPU
		{4E621CCD-3D7D-42B4-B43C-5AD03BFF35F5}.Debug|Any CPU.ActiveCfg = Debug|Any CPU
		{4E621CCD-3D7D-42B4-B43C-5AD03BFF35F5}.Debug|Any CPU.Build.0 = Debug|Any CPU
		{4E621CCD-3D7D-42B4-B43C-5AD03BFF35F5}.Release|Any CPU.ActiveCfg = Release|Any CPU
		{4E621CCD-3D7D-42B4-B43C-5AD03BFF35F5}.Release|Any CPU.Build.0 = Release|Any CPU
		{ECC18487-20A5-41CF-BA04-5E8F6B775451}.Debug|Any CPU.ActiveCfg = Debug|Any CPU
		{ECC18487-20A5-41CF-BA04-5E8F6B775451}.Debug|Any CPU.Build.0 = Debug|Any CPU
		{ECC18487-20A5-41CF-BA04-5E8F6B775451}.Release|Any CPU.ActiveCfg = Release|Any CPU
		{ECC18487-20A5-41CF-BA04-5E8F6B775451}.Release|Any CPU.Build.0 = Release|Any CPU
		{E4A42356-20BC-4859-B9F2-1A7EE73D595D}.Debug|Any CPU.ActiveCfg = Debug|Any CPU
		{E4A42356-20BC-4859-B9F2-1A7EE73D595D}.Debug|Any CPU.Build.0 = Debug|Any CPU
		{E4A42356-20BC-4859-B9F2-1A7EE73D595D}.Release|Any CPU.ActiveCfg = Release|Any CPU
		{E4A42356-20BC-4859-B9F2-1A7EE73D595D}.Release|Any CPU.Build.0 = Release|Any CPU
		{85C998B8-50C5-4D05-8E5F-729D3DBE7212}.Debug|Any CPU.ActiveCfg = Debug|Any CPU
		{85C998B8-50C5-4D05-8E5F-729D3DBE7212}.Debug|Any CPU.Build.0 = Debug|Any CPU
		{85C998B8-50C5-4D05-8E5F-729D3DBE7212}.Release|Any CPU.ActiveCfg = Release|Any CPU
		{85C998B8-50C5-4D05-8E5F-729D3DBE7212}.Release|Any CPU.Build.0 = Release|Any CPU
		{16981B1C-AB79-4A99-A733-DD365C5B68A5}.Debug|Any CPU.ActiveCfg = Debug|Any CPU
		{16981B1C-AB79-4A99-A733-DD365C5B68A5}.Debug|Any CPU.Build.0 = Debug|Any CPU
		{16981B1C-AB79-4A99-A733-DD365C5B68A5}.Release|Any CPU.ActiveCfg = Release|Any CPU
		{16981B1C-AB79-4A99-A733-DD365C5B68A5}.Release|Any CPU.Build.0 = Release|Any CPU
	EndGlobalSection
	GlobalSection(SolutionProperties) = preSolution
		HideSolutionNode = FALSE
	EndGlobalSection
	GlobalSection(ExtensibilityGlobals) = postSolution
		SolutionGuid = {C34D1488-6168-4E4B-BB50-201AD696728E}
	EndGlobalSection
EndGlobal
